
Microsoft Visual Studio Solution File, Format Version 12.00
# Visual Studio Version 16
VisualStudioVersion = 16.0.31727.386
MinimumVisualStudioVersion = 10.0.40219.1
Project("{8BC9CEB8-8B4A-11D0-8D11-00A0C91BC942}") = "day03", "day03\day03.vcxproj", "{A205EF25-ADB0-4574-91E3-925CA81AD9B0}"
EndProject
Global
	GlobalSection(SolutionConfigurationPlatforms) = preSolution
		Debug|x64 = Debug|x64
		Debug|x86 = Debug|x86
		Release|x64 = Release|x64
		Release|x86 = Release|x86
	EndGlobalSection
	GlobalSection(ProjectConfigurationPlatforms) = postSolution
		{A205EF25-ADB0-4574-91E3-925CA81AD9B0}.Debug|x64.ActiveCfg = Debug|x64
		{A205EF25-ADB0-4574-91E3-925CA81AD9B0}.Debug|x64.Build.0 = Debug|x64
		{A205EF25-ADB0-4574-91E3-925CA81AD9B0}.Debug|x86.ActiveCfg = Debug|Win32
		{A205EF25-ADB0-4574-91E3-925CA81AD9B0}.Debug|x86.Build.0 = Debug|Win32
		{A205EF25-ADB0-4574-91E3-925CA81AD9B0}.Release|x64.ActiveCfg = Release|x64
		{A205EF25-ADB0-4574-91E3-925CA81AD9B0}.Release|x64.Build.0 = Release|x64
		{A205EF25-ADB0-4574-91E3-925CA81AD9B0}.Release|x86.ActiveCfg = Release|Win32
		{A205EF25-ADB0-4574-91E3-925CA81AD9B0}.Release|x86.Build.0 = Release|Win32
	EndGlobalSection
	GlobalSection(SolutionProperties) = preSolution
		HideSolutionNode = FALSE
	EndGlobalSection
	GlobalSection(ExtensibilityGlobals) = postSolution
		SolutionGuid = {6ADAE1A7-5C38-48D3-B450-3857DD539CF2}
	EndGlobalSection
EndGlobal
