
Microsoft Visual Studio Solution File, Format Version 12.00
# Visual Studio Version 16
VisualStudioVersion = 16.0.31727.386
MinimumVisualStudioVersion = 10.0.40219.1
Project("{8BC9CEB8-8B4A-11D0-8D11-00A0C91BC942}") = "day01", "day01\day01.vcxproj", "{5EB78728-D320-4F5C-9481-A9A08DE2B7BD}"
EndProject
Global
	GlobalSection(SolutionConfigurationPlatforms) = preSolution
		Debug|x64 = Debug|x64
		Debug|x86 = Debug|x86
		Release|x64 = Release|x64
		Release|x86 = Release|x86
	EndGlobalSection
	GlobalSection(ProjectConfigurationPlatforms) = postSolution
		{5EB78728-D320-4F5C-9481-A9A08DE2B7BD}.Debug|x64.ActiveCfg = Debug|x64
		{5EB78728-D320-4F5C-9481-A9A08DE2B7BD}.Debug|x64.Build.0 = Debug|x64
		{5EB78728-D320-4F5C-9481-A9A08DE2B7BD}.Debug|x86.ActiveCfg = Debug|Win32
		{5EB78728-D320-4F5C-9481-A9A08DE2B7BD}.Debug|x86.Build.0 = Debug|Win32
		{5EB78728-D320-4F5C-9481-A9A08DE2B7BD}.Release|x64.ActiveCfg = Release|x64
		{5EB78728-D320-4F5C-9481-A9A08DE2B7BD}.Release|x64.Build.0 = Release|x64
		{5EB78728-D320-4F5C-9481-A9A08DE2B7BD}.Release|x86.ActiveCfg = Release|Win32
		{5EB78728-D320-4F5C-9481-A9A08DE2B7BD}.Release|x86.Build.0 = Release|Win32
	EndGlobalSection
	GlobalSection(SolutionProperties) = preSolution
		HideSolutionNode = FALSE
	EndGlobalSection
	GlobalSection(ExtensibilityGlobals) = postSolution
		SolutionGuid = {40BE241F-ABF7-41D7-95FF-A27695EF2375}
	EndGlobalSection
EndGlobal
