
Microsoft Visual Studio Solution File, Format Version 12.00
# Visual Studio Version 16
VisualStudioVersion = 16.0.31727.386
MinimumVisualStudioVersion = 10.0.40219.1
Project("{8BC9CEB8-8B4A-11D0-8D11-00A0C91BC942}") = "day05", "day05\day05.vcxproj", "{BD40E479-99C3-4AA3-8CA3-03ED0DA7D869}"
EndProject
Global
	GlobalSection(SolutionConfigurationPlatforms) = preSolution
		Debug|x64 = Debug|x64
		Debug|x86 = Debug|x86
		Release|x64 = Release|x64
		Release|x86 = Release|x86
	EndGlobalSection
	GlobalSection(ProjectConfigurationPlatforms) = postSolution
		{BD40E479-99C3-4AA3-8CA3-03ED0DA7D869}.Debug|x64.ActiveCfg = Debug|x64
		{BD40E479-99C3-4AA3-8CA3-03ED0DA7D869}.Debug|x64.Build.0 = Debug|x64
		{BD40E479-99C3-4AA3-8CA3-03ED0DA7D869}.Debug|x86.ActiveCfg = Debug|Win32
		{BD40E479-99C3-4AA3-8CA3-03ED0DA7D869}.Debug|x86.Build.0 = Debug|Win32
		{BD40E479-99C3-4AA3-8CA3-03ED0DA7D869}.Release|x64.ActiveCfg = Release|x64
		{BD40E479-99C3-4AA3-8CA3-03ED0DA7D869}.Release|x64.Build.0 = Release|x64
		{BD40E479-99C3-4AA3-8CA3-03ED0DA7D869}.Release|x86.ActiveCfg = Release|Win32
		{BD40E479-99C3-4AA3-8CA3-03ED0DA7D869}.Release|x86.Build.0 = Release|Win32
	EndGlobalSection
	GlobalSection(SolutionProperties) = preSolution
		HideSolutionNode = FALSE
	EndGlobalSection
	GlobalSection(ExtensibilityGlobals) = postSolution
		SolutionGuid = {64AADCC7-9CDC-4D26-BFD6-1CC33D75D4A7}
	EndGlobalSection
EndGlobal
